
Microsoft Visual Studio Solution File, Format Version 12.00
# Visual Studio 15
Project("{FAE04EC0-301F-11D3-BF4B-00C04F79EFBC}") = "Assembly-CSharp-firstpass", "Assembly-CSharp-firstpass.csproj", "{44BF0A8F-04A7-D1C2-B0AB-3B2A55CACCF8}"
EndProject
Project("{FAE04EC0-301F-11D3-BF4B-00C04F79EFBC}") = "Assembly-CSharp", "Assembly-CSharp.csproj", "{A0827D81-6164-3ADF-8D7B-B86C93D32A9E}"
EndProject
Project("{FAE04EC0-301F-11D3-BF4B-00C04F79EFBC}") = "Assembly-CSharp-Editor-firstpass", "Assembly-CSharp-Editor-firstpass.csproj", "{D2C46054-C640-AD9A-6F2C-0AAA77360FB0}"
EndProject
Global
	GlobalSection(SolutionConfigurationPlatforms) = preSolution
		Debug|Any CPU = Debug|Any CPU
		Release|Any CPU = Release|Any CPU
	EndGlobalSection
	GlobalSection(ProjectConfigurationPlatforms) = postSolution
		{44BF0A8F-04A7-D1C2-B0AB-3B2A55CACCF8}.Debug|Any CPU.ActiveCfg = Debug|Any CPU
		{44BF0A8F-04A7-D1C2-B0AB-3B2A55CACCF8}.Debug|Any CPU.Build.0 = Debug|Any CPU
		{44BF0A8F-04A7-D1C2-B0AB-3B2A55CACCF8}.Release|Any CPU.ActiveCfg = Release|Any CPU
		{44BF0A8F-04A7-D1C2-B0AB-3B2A55CACCF8}.Release|Any CPU.Build.0 = Release|Any CPU
		{A0827D81-6164-3ADF-8D7B-B86C93D32A9E}.Debug|Any CPU.ActiveCfg = Debug|Any CPU
		{A0827D81-6164-3ADF-8D7B-B86C93D32A9E}.Debug|Any CPU.Build.0 = Debug|Any CPU
		{A0827D81-6164-3ADF-8D7B-B86C93D32A9E}.Release|Any CPU.ActiveCfg = Release|Any CPU
		{A0827D81-6164-3ADF-8D7B-B86C93D32A9E}.Release|Any CPU.Build.0 = Release|Any CPU
		{D2C46054-C640-AD9A-6F2C-0AAA77360FB0}.Debug|Any CPU.ActiveCfg = Debug|Any CPU
		{D2C46054-C640-AD9A-6F2C-0AAA77360FB0}.Debug|Any CPU.Build.0 = Debug|Any CPU
		{D2C46054-C640-AD9A-6F2C-0AAA77360FB0}.Release|Any CPU.ActiveCfg = Release|Any CPU
		{D2C46054-C640-AD9A-6F2C-0AAA77360FB0}.Release|Any CPU.Build.0 = Release|Any CPU
	EndGlobalSection
	GlobalSection(SolutionProperties) = preSolution
		HideSolutionNode = FALSE
	EndGlobalSection
EndGlobal
